
Microsoft Visual Studio Solution File, Format Version 12.00
# Visual Studio Version 17
VisualStudioVersion = 17.10.35027.167
MinimumVisualStudioVersion = 10.0.40219.1
Project("{FAE04EC0-301F-11D3-BF4B-00C04F79EFBC}") = "AoC2024", "AoC2024.csproj", "{C84DBBB3-A947-4471-BA56-FC63076A2FEF}"
EndProject
Global
	GlobalSection(SolutionConfigurationPlatforms) = preSolution
		Debug|Any CPU = Debug|Any CPU
		Release|Any CPU = Release|Any CPU
	EndGlobalSection
	GlobalSection(ProjectConfigurationPlatforms) = postSolution
		{C84DBBB3-A947-4471-BA56-FC63076A2FEF}.Debug|Any CPU.ActiveCfg = Debug|Any CPU
		{C84DBBB3-A947-4471-BA56-FC63076A2FEF}.Debug|Any CPU.Build.0 = Debug|Any CPU
		{C84DBBB3-A947-4471-BA56-FC63076A2FEF}.Release|Any CPU.ActiveCfg = Release|Any CPU
		{C84DBBB3-A947-4471-BA56-FC63076A2FEF}.Release|Any CPU.Build.0 = Release|Any CPU
	EndGlobalSection
	GlobalSection(SolutionProperties) = preSolution
		HideSolutionNode = FALSE
	EndGlobalSection
	GlobalSection(ExtensibilityGlobals) = postSolution
		SolutionGuid = {5E609FC3-17A8-42C5-8B05-06E71728B0CF}
	EndGlobalSection
EndGlobal
